{
  "name": "@nhabanh/react-native-wheel-picker",
  "version": "1.2.12",
  "lockfileVersion": 1,
  "requires": true,
  "dependencies": {
    "@react-native-picker/picker": {
      "version": "1.12.0",
      "resolved": "https://registry.npmjs.org/@react-native-picker/picker/-/picker-1.12.0.tgz",
      "integrity": "sha512-LxtFcuQ/jxsNwH9byM4mMSusqGfaj0LHXTh6fJgvIKOBjAWwV+FjWHszQSPCbnycdezirf8dFLhF9phcNuE8CA=="
    }
  }
}
